
Microsoft Visual Studio Solution File, Format Version 12.00
# Visual Studio Version 17
VisualStudioVersion = 17.0.31903.59
MinimumVisualStudioVersion = 10.0.40219.1
Project("{2150E333-8FDC-42A3-9474-1A3956D46DE8}") = "AuthService", "AuthService", "{54C27F26-71CB-9721-02CF-9E5332C2F895}"
EndProject
Project("{FAE04EC0-301F-11D3-BF4B-00C04F79EFBC}") = "AuthService.API", "AuthService\AuthService.API\AuthService.API.csproj", "{99FC54CF-A044-43D6-BC56-E662F5A3E15A}"
EndProject
Project("{FAE04EC0-301F-11D3-BF4B-00C04F79EFBC}") = "AuthService.Application", "AuthService\AuthService.Application\AuthService.Application.csproj", "{23742211-8EB0-40BA-96DB-34C907721DC0}"
EndProject
Project("{FAE04EC0-301F-11D3-BF4B-00C04F79EFBC}") = "AuthService.Domain", "AuthService\AuthService.Domain\AuthService.Domain.csproj", "{DB87BF51-1B31-4030-A4D9-2373682F9781}"
EndProject
Project("{FAE04EC0-301F-11D3-BF4B-00C04F79EFBC}") = "AuthService.Infrastructure", "AuthService\AuthService.Infrastructure\AuthService.Infrastructure.csproj", "{B116E9BD-A4FF-4983-850A-BF43531F9992}"
EndProject
Project("{2150E333-8FDC-42A3-9474-1A3956D46DE8}") = "InventoryService", "InventoryService", "{2C0108AB-5D27-61AE-3E27-841A964D9CD4}"
EndProject
Project("{FAE04EC0-301F-11D3-BF4B-00C04F79EFBC}") = "InventoryService.API", "InventoryService\InventoryService.API\InventoryService.API.csproj", "{DC3B0AEB-C15B-4340-AE4B-8B770715E8F7}"
EndProject
Project("{FAE04EC0-301F-11D3-BF4B-00C04F79EFBC}") = "InventoryService.Application", "InventoryService\InventoryService.Application\InventoryService.Application.csproj", "{A5702E89-4869-4247-B97C-010AE125CBA4}"
EndProject
Project("{FAE04EC0-301F-11D3-BF4B-00C04F79EFBC}") = "InventoryService.Domain", "InventoryService\InventoryService.Domain\InventoryService.Domain.csproj", "{01B3CAED-AB8B-454D-8C2E-254BBAD89A32}"
EndProject
Project("{FAE04EC0-301F-11D3-BF4B-00C04F79EFBC}") = "InventoryService.Infrastructure", "InventoryService\InventoryService.Infrastructure\InventoryService.Infrastructure.csproj", "{B851A79A-B031-42A7-ADD5-98DCB1981CA6}"
EndProject
Project("{2150E333-8FDC-42A3-9474-1A3956D46DE8}") = "UserService", "UserService", "{C0127DB6-3CA8-EE98-7726-A4993E48C5D4}"
EndProject
Project("{FAE04EC0-301F-11D3-BF4B-00C04F79EFBC}") = "UserService.API", "UserService\UserService.API\UserService.API.csproj", "{67FAE9C3-95FA-47CD-8E61-EADE63B0FF7C}"
EndProject
Project("{FAE04EC0-301F-11D3-BF4B-00C04F79EFBC}") = "UserService.Application", "UserService\UserService.Application\UserService.Application.csproj", "{6B846428-6C55-49A0-BB36-8EABE4D7C6A9}"
EndProject
Project("{FAE04EC0-301F-11D3-BF4B-00C04F79EFBC}") = "UserService.Domain", "UserService\UserService.Domain\UserService.Domain.csproj", "{564AA698-3665-4B97-B840-AD4DF6883644}"
EndProject
Project("{FAE04EC0-301F-11D3-BF4B-00C04F79EFBC}") = "UserService.Infrastructure", "UserService\UserService.Infrastructure\UserService.Infrastructure.csproj", "{11959405-F8B5-49B5-9890-100088CE4456}"
EndProject
Global
	GlobalSection(SolutionConfigurationPlatforms) = preSolution
		Debug|Any CPU = Debug|Any CPU
		Debug|x64 = Debug|x64
		Debug|x86 = Debug|x86
		Release|Any CPU = Release|Any CPU
		Release|x64 = Release|x64
		Release|x86 = Release|x86
	EndGlobalSection
	GlobalSection(ProjectConfigurationPlatforms) = postSolution
		{99FC54CF-A044-43D6-BC56-E662F5A3E15A}.Debug|Any CPU.ActiveCfg = Debug|Any CPU
		{99FC54CF-A044-43D6-BC56-E662F5A3E15A}.Debug|Any CPU.Build.0 = Debug|Any CPU
		{99FC54CF-A044-43D6-BC56-E662F5A3E15A}.Debug|x64.ActiveCfg = Debug|Any CPU
		{99FC54CF-A044-43D6-BC56-E662F5A3E15A}.Debug|x64.Build.0 = Debug|Any CPU
		{99FC54CF-A044-43D6-BC56-E662F5A3E15A}.Debug|x86.ActiveCfg = Debug|Any CPU
		{99FC54CF-A044-43D6-BC56-E662F5A3E15A}.Debug|x86.Build.0 = Debug|Any CPU
		{99FC54CF-A044-43D6-BC56-E662F5A3E15A}.Release|Any CPU.ActiveCfg = Release|Any CPU
		{99FC54CF-A044-43D6-BC56-E662F5A3E15A}.Release|Any CPU.Build.0 = Release|Any CPU
		{99FC54CF-A044-43D6-BC56-E662F5A3E15A}.Release|x64.ActiveCfg = Release|Any CPU
		{99FC54CF-A044-43D6-BC56-E662F5A3E15A}.Release|x64.Build.0 = Release|Any CPU
		{99FC54CF-A044-43D6-BC56-E662F5A3E15A}.Release|x86.ActiveCfg = Release|Any CPU
		{99FC54CF-A044-43D6-BC56-E662F5A3E15A}.Release|x86.Build.0 = Release|Any CPU
		{23742211-8EB0-40BA-96DB-34C907721DC0}.Debug|Any CPU.ActiveCfg = Debug|Any CPU
		{23742211-8EB0-40BA-96DB-34C907721DC0}.Debug|Any CPU.Build.0 = Debug|Any CPU
		{23742211-8EB0-40BA-96DB-34C907721DC0}.Debug|x64.ActiveCfg = Debug|Any CPU
		{23742211-8EB0-40BA-96DB-34C907721DC0}.Debug|x64.Build.0 = Debug|Any CPU
		{23742211-8EB0-40BA-96DB-34C907721DC0}.Debug|x86.ActiveCfg = Debug|Any CPU
		{23742211-8EB0-40BA-96DB-34C907721DC0}.Debug|x86.Build.0 = Debug|Any CPU
		{23742211-8EB0-40BA-96DB-34C907721DC0}.Release|Any CPU.ActiveCfg = Release|Any CPU
		{23742211-8EB0-40BA-96DB-34C907721DC0}.Release|Any CPU.Build.0 = Release|Any CPU
		{23742211-8EB0-40BA-96DB-34C907721DC0}.Release|x64.ActiveCfg = Release|Any CPU
		{23742211-8EB0-40BA-96DB-34C907721DC0}.Release|x64.Build.0 = Release|Any CPU
		{23742211-8EB0-40BA-96DB-34C907721DC0}.Release|x86.ActiveCfg = Release|Any CPU
		{23742211-8EB0-40BA-96DB-34C907721DC0}.Release|x86.Build.0 = Release|Any CPU
		{DB87BF51-1B31-4030-A4D9-2373682F9781}.Debug|Any CPU.ActiveCfg = Debug|Any CPU
		{DB87BF51-1B31-4030-A4D9-2373682F9781}.Debug|Any CPU.Build.0 = Debug|Any CPU
		{DB87BF51-1B31-4030-A4D9-2373682F9781}.Debug|x64.ActiveCfg = Debug|Any CPU
		{DB87BF51-1B31-4030-A4D9-2373682F9781}.Debug|x64.Build.0 = Debug|Any CPU
		{DB87BF51-1B31-4030-A4D9-2373682F9781}.Debug|x86.ActiveCfg = Debug|Any CPU
		{DB87BF51-1B31-4030-A4D9-2373682F9781}.Debug|x86.Build.0 = Debug|Any CPU
		{DB87BF51-1B31-4030-A4D9-2373682F9781}.Release|Any CPU.ActiveCfg = Release|Any CPU
		{DB87BF51-1B31-4030-A4D9-2373682F9781}.Release|Any CPU.Build.0 = Release|Any CPU
		{DB87BF51-1B31-4030-A4D9-2373682F9781}.Release|x64.ActiveCfg = Release|Any CPU
		{DB87BF51-1B31-4030-A4D9-2373682F9781}.Release|x64.Build.0 = Release|Any CPU
		{DB87BF51-1B31-4030-A4D9-2373682F9781}.Release|x86.ActiveCfg = Release|Any CPU
		{DB87BF51-1B31-4030-A4D9-2373682F9781}.Release|x86.Build.0 = Release|Any CPU
		{B116E9BD-A4FF-4983-850A-BF43531F9992}.Debug|Any CPU.ActiveCfg = Debug|Any CPU
		{B116E9BD-A4FF-4983-850A-BF43531F9992}.Debug|Any CPU.Build.0 = Debug|Any CPU
		{B116E9BD-A4FF-4983-850A-BF43531F9992}.Debug|x64.ActiveCfg = Debug|Any CPU
		{B116E9BD-A4FF-4983-850A-BF43531F9992}.Debug|x64.Build.0 = Debug|Any CPU
		{B116E9BD-A4FF-4983-850A-BF43531F9992}.Debug|x86.ActiveCfg = Debug|Any CPU
		{B116E9BD-A4FF-4983-850A-BF43531F9992}.Debug|x86.Build.0 = Debug|Any CPU
		{B116E9BD-A4FF-4983-850A-BF43531F9992}.Release|Any CPU.ActiveCfg = Release|Any CPU
		{B116E9BD-A4FF-4983-850A-BF43531F9992}.Release|Any CPU.Build.0 = Release|Any CPU
		{B116E9BD-A4FF-4983-850A-BF43531F9992}.Release|x64.ActiveCfg = Release|Any CPU
		{B116E9BD-A4FF-4983-850A-BF43531F9992}.Release|x64.Build.0 = Release|Any CPU
		{B116E9BD-A4FF-4983-850A-BF43531F9992}.Release|x86.ActiveCfg = Release|Any CPU
		{B116E9BD-A4FF-4983-850A-BF43531F9992}.Release|x86.Build.0 = Release|Any CPU
		{DC3B0AEB-C15B-4340-AE4B-8B770715E8F7}.Debug|Any CPU.ActiveCfg = Debug|Any CPU
		{DC3B0AEB-C15B-4340-AE4B-8B770715E8F7}.Debug|Any CPU.Build.0 = Debug|Any CPU
		{DC3B0AEB-C15B-4340-AE4B-8B770715E8F7}.Debug|x64.ActiveCfg = Debug|Any CPU
		{DC3B0AEB-C15B-4340-AE4B-8B770715E8F7}.Debug|x64.Build.0 = Debug|Any CPU
		{DC3B0AEB-C15B-4340-AE4B-8B770715E8F7}.Debug|x86.ActiveCfg = Debug|Any CPU
		{DC3B0AEB-C15B-4340-AE4B-8B770715E8F7}.Debug|x86.Build.0 = Debug|Any CPU
		{DC3B0AEB-C15B-4340-AE4B-8B770715E8F7}.Release|Any CPU.ActiveCfg = Release|Any CPU
		{DC3B0AEB-C15B-4340-AE4B-8B770715E8F7}.Release|Any CPU.Build.0 = Release|Any CPU
		{DC3B0AEB-C15B-4340-AE4B-8B770715E8F7}.Release|x64.ActiveCfg = Release|Any CPU
		{DC3B0AEB-C15B-4340-AE4B-8B770715E8F7}.Release|x64.Build.0 = Release|Any CPU
		{DC3B0AEB-C15B-4340-AE4B-8B770715E8F7}.Release|x86.ActiveCfg = Release|Any CPU
		{DC3B0AEB-C15B-4340-AE4B-8B770715E8F7}.Release|x86.Build.0 = Release|Any CPU
		{A5702E89-4869-4247-B97C-010AE125CBA4}.Debug|Any CPU.ActiveCfg = Debug|Any CPU
		{A5702E89-4869-4247-B97C-010AE125CBA4}.Debug|Any CPU.Build.0 = Debug|Any CPU
		{A5702E89-4869-4247-B97C-010AE125CBA4}.Debug|x64.ActiveCfg = Debug|Any CPU
		{A5702E89-4869-4247-B97C-010AE125CBA4}.Debug|x64.Build.0 = Debug|Any CPU
		{A5702E89-4869-4247-B97C-010AE125CBA4}.Debug|x86.ActiveCfg = Debug|Any CPU
		{A5702E89-4869-4247-B97C-010AE125CBA4}.Debug|x86.Build.0 = Debug|Any CPU
		{A5702E89-4869-4247-B97C-010AE125CBA4}.Release|Any CPU.ActiveCfg = Release|Any CPU
		{A5702E89-4869-4247-B97C-010AE125CBA4}.Release|Any CPU.Build.0 = Release|Any CPU
		{A5702E89-4869-4247-B97C-010AE125CBA4}.Release|x64.ActiveCfg = Release|Any CPU
		{A5702E89-4869-4247-B97C-010AE125CBA4}.Release|x64.Build.0 = Release|Any CPU
		{A5702E89-4869-4247-B97C-010AE125CBA4}.Release|x86.ActiveCfg = Release|Any CPU
		{A5702E89-4869-4247-B97C-010AE125CBA4}.Release|x86.Build.0 = Release|Any CPU
		{01B3CAED-AB8B-454D-8C2E-254BBAD89A32}.Debug|Any CPU.ActiveCfg = Debug|Any CPU
		{01B3CAED-AB8B-454D-8C2E-254BBAD89A32}.Debug|Any CPU.Build.0 = Debug|Any CPU
		{01B3CAED-AB8B-454D-8C2E-254BBAD89A32}.Debug|x64.ActiveCfg = Debug|Any CPU
		{01B3CAED-AB8B-454D-8C2E-254BBAD89A32}.Debug|x64.Build.0 = Debug|Any CPU
		{01B3CAED-AB8B-454D-8C2E-254BBAD89A32}.Debug|x86.ActiveCfg = Debug|Any CPU
		{01B3CAED-AB8B-454D-8C2E-254BBAD89A32}.Debug|x86.Build.0 = Debug|Any CPU
		{01B3CAED-AB8B-454D-8C2E-254BBAD89A32}.Release|Any CPU.ActiveCfg = Release|Any CPU
		{01B3CAED-AB8B-454D-8C2E-254BBAD89A32}.Release|Any CPU.Build.0 = Release|Any CPU
		{01B3CAED-AB8B-454D-8C2E-254BBAD89A32}.Release|x64.ActiveCfg = Release|Any CPU
		{01B3CAED-AB8B-454D-8C2E-254BBAD89A32}.Release|x64.Build.0 = Release|Any CPU
		{01B3CAED-AB8B-454D-8C2E-254BBAD89A32}.Release|x86.ActiveCfg = Release|Any CPU
		{01B3CAED-AB8B-454D-8C2E-254BBAD89A32}.Release|x86.Build.0 = Release|Any CPU
		{B851A79A-B031-42A7-ADD5-98DCB1981CA6}.Debug|Any CPU.ActiveCfg = Debug|Any CPU
		{B851A79A-B031-42A7-ADD5-98DCB1981CA6}.Debug|Any CPU.Build.0 = Debug|Any CPU
		{B851A79A-B031-42A7-ADD5-98DCB1981CA6}.Debug|x64.ActiveCfg = Debug|Any CPU
		{B851A79A-B031-42A7-ADD5-98DCB1981CA6}.Debug|x64.Build.0 = Debug|Any CPU
		{B851A79A-B031-42A7-ADD5-98DCB1981CA6}.Debug|x86.ActiveCfg = Debug|Any CPU
		{B851A79A-B031-42A7-ADD5-98DCB1981CA6}.Debug|x86.Build.0 = Debug|Any CPU
		{B851A79A-B031-42A7-ADD5-98DCB1981CA6}.Release|Any CPU.ActiveCfg = Release|Any CPU
		{B851A79A-B031-42A7-ADD5-98DCB1981CA6}.Release|Any CPU.Build.0 = Release|Any CPU
		{B851A79A-B031-42A7-ADD5-98DCB1981CA6}.Release|x64.ActiveCfg = Release|Any CPU
		{B851A79A-B031-42A7-ADD5-98DCB1981CA6}.Release|x64.Build.0 = Release|Any CPU
		{B851A79A-B031-42A7-ADD5-98DCB1981CA6}.Release|x86.ActiveCfg = Release|Any CPU
		{B851A79A-B031-42A7-ADD5-98DCB1981CA6}.Release|x86.Build.0 = Release|Any CPU
		{67FAE9C3-95FA-47CD-8E61-EADE63B0FF7C}.Debug|Any CPU.ActiveCfg = Debug|Any CPU
		{67FAE9C3-95FA-47CD-8E61-EADE63B0FF7C}.Debug|Any CPU.Build.0 = Debug|Any CPU
		{67FAE9C3-95FA-47CD-8E61-EADE63B0FF7C}.Debug|x64.ActiveCfg = Debug|Any CPU
		{67FAE9C3-95FA-47CD-8E61-EADE63B0FF7C}.Debug|x64.Build.0 = Debug|Any CPU
		{67FAE9C3-95FA-47CD-8E61-EADE63B0FF7C}.Debug|x86.ActiveCfg = Debug|Any CPU
		{67FAE9C3-95FA-47CD-8E61-EADE63B0FF7C}.Debug|x86.Build.0 = Debug|Any CPU
		{67FAE9C3-95FA-47CD-8E61-EADE63B0FF7C}.Release|Any CPU.ActiveCfg = Release|Any CPU
		{67FAE9C3-95FA-47CD-8E61-EADE63B0FF7C}.Release|Any CPU.Build.0 = Release|Any CPU
		{67FAE9C3-95FA-47CD-8E61-EADE63B0FF7C}.Release|x64.ActiveCfg = Release|Any CPU
		{67FAE9C3-95FA-47CD-8E61-EADE63B0FF7C}.Release|x64.Build.0 = Release|Any CPU
		{67FAE9C3-95FA-47CD-8E61-EADE63B0FF7C}.Release|x86.ActiveCfg = Release|Any CPU
		{67FAE9C3-95FA-47CD-8E61-EADE63B0FF7C}.Release|x86.Build.0 = Release|Any CPU
		{6B846428-6C55-49A0-BB36-8EABE4D7C6A9}.Debug|Any CPU.ActiveCfg = Debug|Any CPU
		{6B846428-6C55-49A0-BB36-8EABE4D7C6A9}.Debug|Any CPU.Build.0 = Debug|Any CPU
		{6B846428-6C55-49A0-BB36-8EABE4D7C6A9}.Debug|x64.ActiveCfg = Debug|Any CPU
		{6B846428-6C55-49A0-BB36-8EABE4D7C6A9}.Debug|x64.Build.0 = Debug|Any CPU
		{6B846428-6C55-49A0-BB36-8EABE4D7C6A9}.Debug|x86.ActiveCfg = Debug|Any CPU
		{6B846428-6C55-49A0-BB36-8EABE4D7C6A9}.Debug|x86.Build.0 = Debug|Any CPU
		{6B846428-6C55-49A0-BB36-8EABE4D7C6A9}.Release|Any CPU.ActiveCfg = Release|Any CPU
		{6B846428-6C55-49A0-BB36-8EABE4D7C6A9}.Release|Any CPU.Build.0 = Release|Any CPU
		{6B846428-6C55-49A0-BB36-8EABE4D7C6A9}.Release|x64.ActiveCfg = Release|Any CPU
		{6B846428-6C55-49A0-BB36-8EABE4D7C6A9}.Release|x64.Build.0 = Release|Any CPU
		{6B846428-6C55-49A0-BB36-8EABE4D7C6A9}.Release|x86.ActiveCfg = Release|Any CPU
		{6B846428-6C55-49A0-BB36-8EABE4D7C6A9}.Release|x86.Build.0 = Release|Any CPU
		{564AA698-3665-4B97-B840-AD4DF6883644}.Debug|Any CPU.ActiveCfg = Debug|Any CPU
		{564AA698-3665-4B97-B840-AD4DF6883644}.Debug|Any CPU.Build.0 = Debug|Any CPU
		{564AA698-3665-4B97-B840-AD4DF6883644}.Debug|x64.ActiveCfg = Debug|Any CPU
		{564AA698-3665-4B97-B840-AD4DF6883644}.Debug|x64.Build.0 = Debug|Any CPU
		{564AA698-3665-4B97-B840-AD4DF6883644}.Debug|x86.ActiveCfg = Debug|Any CPU
		{564AA698-3665-4B97-B840-AD4DF6883644}.Debug|x86.Build.0 = Debug|Any CPU
		{564AA698-3665-4B97-B840-AD4DF6883644}.Release|Any CPU.ActiveCfg = Release|Any CPU
		{564AA698-3665-4B97-B840-AD4DF6883644}.Release|Any CPU.Build.0 = Release|Any CPU
		{564AA698-3665-4B97-B840-AD4DF6883644}.Release|x64.ActiveCfg = Release|Any CPU
		{564AA698-3665-4B97-B840-AD4DF6883644}.Release|x64.Build.0 = Release|Any CPU
		{564AA698-3665-4B97-B840-AD4DF6883644}.Release|x86.ActiveCfg = Release|Any CPU
		{564AA698-3665-4B97-B840-AD4DF6883644}.Release|x86.Build.0 = Release|Any CPU
		{11959405-F8B5-49B5-9890-100088CE4456}.Debug|Any CPU.ActiveCfg = Debug|Any CPU
		{11959405-F8B5-49B5-9890-100088CE4456}.Debug|Any CPU.Build.0 = Debug|Any CPU
		{11959405-F8B5-49B5-9890-100088CE4456}.Debug|x64.ActiveCfg = Debug|Any CPU
		{11959405-F8B5-49B5-9890-100088CE4456}.Debug|x64.Build.0 = Debug|Any CPU
		{11959405-F8B5-49B5-9890-100088CE4456}.Debug|x86.ActiveCfg = Debug|Any CPU
		{11959405-F8B5-49B5-9890-100088CE4456}.Debug|x86.Build.0 = Debug|Any CPU
		{11959405-F8B5-49B5-9890-100088CE4456}.Release|Any CPU.ActiveCfg = Release|Any CPU
		{11959405-F8B5-49B5-9890-100088CE4456}.Release|Any CPU.Build.0 = Release|Any CPU
		{11959405-F8B5-49B5-9890-100088CE4456}.Release|x64.ActiveCfg = Release|Any CPU
		{11959405-F8B5-49B5-9890-100088CE4456}.Release|x64.Build.0 = Release|Any CPU
		{11959405-F8B5-49B5-9890-100088CE4456}.Release|x86.ActiveCfg = Release|Any CPU
		{11959405-F8B5-49B5-9890-100088CE4456}.Release|x86.Build.0 = Release|Any CPU
	EndGlobalSection
	GlobalSection(SolutionProperties) = preSolution
		HideSolutionNode = FALSE
	EndGlobalSection
	GlobalSection(NestedProjects) = preSolution
		{99FC54CF-A044-43D6-BC56-E662F5A3E15A} = {54C27F26-71CB-9721-02CF-9E5332C2F895}
		{23742211-8EB0-40BA-96DB-34C907721DC0} = {54C27F26-71CB-9721-02CF-9E5332C2F895}
		{DB87BF51-1B31-4030-A4D9-2373682F9781} = {54C27F26-71CB-9721-02CF-9E5332C2F895}
		{B116E9BD-A4FF-4983-850A-BF43531F9992} = {54C27F26-71CB-9721-02CF-9E5332C2F895}
		{DC3B0AEB-C15B-4340-AE4B-8B770715E8F7} = {2C0108AB-5D27-61AE-3E27-841A964D9CD4}
		{A5702E89-4869-4247-B97C-010AE125CBA4} = {2C0108AB-5D27-61AE-3E27-841A964D9CD4}
		{01B3CAED-AB8B-454D-8C2E-254BBAD89A32} = {2C0108AB-5D27-61AE-3E27-841A964D9CD4}
		{B851A79A-B031-42A7-ADD5-98DCB1981CA6} = {2C0108AB-5D27-61AE-3E27-841A964D9CD4}
		{67FAE9C3-95FA-47CD-8E61-EADE63B0FF7C} = {C0127DB6-3CA8-EE98-7726-A4993E48C5D4}
		{6B846428-6C55-49A0-BB36-8EABE4D7C6A9} = {C0127DB6-3CA8-EE98-7726-A4993E48C5D4}
		{564AA698-3665-4B97-B840-AD4DF6883644} = {C0127DB6-3CA8-EE98-7726-A4993E48C5D4}
		{11959405-F8B5-49B5-9890-100088CE4456} = {C0127DB6-3CA8-EE98-7726-A4993E48C5D4}
	EndGlobalSection
EndGlobal
